
Microsoft Visual Studio Solution File, Format Version 12.00
Project("{2150E333-8FDC-42A3-9474-1A3956D46DE8}") = "src", "src", "{EC6C591D-DCD0-4750-B369-DCB48BED5E6D}"
EndProject
Project("{FAE04EC0-301F-11D3-BF4B-00C04F79EFBC}") = "Library.Json", "src\Library.Json\Library.Json.csproj", "{8E8E814B-A691-4AAE-961D-C6BAD3E46B66}"
EndProject
Project("{FAE04EC0-301F-11D3-BF4B-00C04F79EFBC}") = "Contracts", "src\Contracts\Contracts.csproj", "{48CB9691-976C-4461-999C-7BB383BC6D58}"
EndProject
Project("{FAE04EC0-301F-11D3-BF4B-00C04F79EFBC}") = "Core", "src\Core\Core.csproj", "{2E749070-45BD-4953-8E80-15237174AACC}"
EndProject
Project("{FAE04EC0-301F-11D3-BF4B-00C04F79EFBC}") = "Library.gRpc", "src\Library.gRpc\Library.gRpc.csproj", "{040B9EB1-8303-4A83-A0B3-F18DBBDF24FC}"
EndProject
Project("{FAE04EC0-301F-11D3-BF4B-00C04F79EFBC}") = "Application", "src\Application\Application.csproj", "{862A74E1-DB8C-49A8-A3AE-8160058187E6}"
EndProject
Project("{FAE04EC0-301F-11D3-BF4B-00C04F79EFBC}") = "Infrastructure", "src\Infrastructure\Infrastructure.csproj", "{B8DA34F6-6762-448B-B994-F9D70BF4089A}"
EndProject
Global
	GlobalSection(SolutionConfigurationPlatforms) = preSolution
		Debug|Any CPU = Debug|Any CPU
		Release|Any CPU = Release|Any CPU
	EndGlobalSection
	GlobalSection(NestedProjects) = preSolution
		{8E8E814B-A691-4AAE-961D-C6BAD3E46B66} = {EC6C591D-DCD0-4750-B369-DCB48BED5E6D}
		{48CB9691-976C-4461-999C-7BB383BC6D58} = {EC6C591D-DCD0-4750-B369-DCB48BED5E6D}
		{2E749070-45BD-4953-8E80-15237174AACC} = {EC6C591D-DCD0-4750-B369-DCB48BED5E6D}
		{040B9EB1-8303-4A83-A0B3-F18DBBDF24FC} = {EC6C591D-DCD0-4750-B369-DCB48BED5E6D}
		{862A74E1-DB8C-49A8-A3AE-8160058187E6} = {EC6C591D-DCD0-4750-B369-DCB48BED5E6D}
		{B8DA34F6-6762-448B-B994-F9D70BF4089A} = {EC6C591D-DCD0-4750-B369-DCB48BED5E6D}
	EndGlobalSection
	GlobalSection(ProjectConfigurationPlatforms) = postSolution
		{8E8E814B-A691-4AAE-961D-C6BAD3E46B66}.Debug|Any CPU.ActiveCfg = Debug|Any CPU
		{8E8E814B-A691-4AAE-961D-C6BAD3E46B66}.Debug|Any CPU.Build.0 = Debug|Any CPU
		{8E8E814B-A691-4AAE-961D-C6BAD3E46B66}.Release|Any CPU.ActiveCfg = Release|Any CPU
		{8E8E814B-A691-4AAE-961D-C6BAD3E46B66}.Release|Any CPU.Build.0 = Release|Any CPU
		{48CB9691-976C-4461-999C-7BB383BC6D58}.Debug|Any CPU.ActiveCfg = Debug|Any CPU
		{48CB9691-976C-4461-999C-7BB383BC6D58}.Debug|Any CPU.Build.0 = Debug|Any CPU
		{48CB9691-976C-4461-999C-7BB383BC6D58}.Release|Any CPU.ActiveCfg = Release|Any CPU
		{48CB9691-976C-4461-999C-7BB383BC6D58}.Release|Any CPU.Build.0 = Release|Any CPU
		{2E749070-45BD-4953-8E80-15237174AACC}.Debug|Any CPU.ActiveCfg = Debug|Any CPU
		{2E749070-45BD-4953-8E80-15237174AACC}.Debug|Any CPU.Build.0 = Debug|Any CPU
		{2E749070-45BD-4953-8E80-15237174AACC}.Release|Any CPU.ActiveCfg = Release|Any CPU
		{2E749070-45BD-4953-8E80-15237174AACC}.Release|Any CPU.Build.0 = Release|Any CPU
		{040B9EB1-8303-4A83-A0B3-F18DBBDF24FC}.Debug|Any CPU.ActiveCfg = Debug|Any CPU
		{040B9EB1-8303-4A83-A0B3-F18DBBDF24FC}.Debug|Any CPU.Build.0 = Debug|Any CPU
		{040B9EB1-8303-4A83-A0B3-F18DBBDF24FC}.Release|Any CPU.ActiveCfg = Release|Any CPU
		{040B9EB1-8303-4A83-A0B3-F18DBBDF24FC}.Release|Any CPU.Build.0 = Release|Any CPU
		{862A74E1-DB8C-49A8-A3AE-8160058187E6}.Debug|Any CPU.ActiveCfg = Debug|Any CPU
		{862A74E1-DB8C-49A8-A3AE-8160058187E6}.Debug|Any CPU.Build.0 = Debug|Any CPU
		{862A74E1-DB8C-49A8-A3AE-8160058187E6}.Release|Any CPU.ActiveCfg = Release|Any CPU
		{862A74E1-DB8C-49A8-A3AE-8160058187E6}.Release|Any CPU.Build.0 = Release|Any CPU
		{B8DA34F6-6762-448B-B994-F9D70BF4089A}.Debug|Any CPU.ActiveCfg = Debug|Any CPU
		{B8DA34F6-6762-448B-B994-F9D70BF4089A}.Debug|Any CPU.Build.0 = Debug|Any CPU
		{B8DA34F6-6762-448B-B994-F9D70BF4089A}.Release|Any CPU.ActiveCfg = Release|Any CPU
		{B8DA34F6-6762-448B-B994-F9D70BF4089A}.Release|Any CPU.Build.0 = Release|Any CPU
	EndGlobalSection
EndGlobal
